
Microsoft Visual Studio Solution File, Format Version 12.00
# Visual Studio Version 16
VisualStudioVersion = 16.0.31702.278
MinimumVisualStudioVersion = 10.0.40219.1
Project("{FAE04EC0-301F-11D3-BF4B-00C04F79EFBC}") = "UsedCarLotLab", "UsedCarLotLab\UsedCarLotLab.csproj", "{46D3E45C-D4C8-4BC5-BA0D-9BD5E0FBA3AB}"
EndProject
Global
	GlobalSection(SolutionConfigurationPlatforms) = preSolution
		Debug|Any CPU = Debug|Any CPU
		Release|Any CPU = Release|Any CPU
	EndGlobalSection
	GlobalSection(ProjectConfigurationPlatforms) = postSolution
		{46D3E45C-D4C8-4BC5-BA0D-9BD5E0FBA3AB}.Debug|Any CPU.ActiveCfg = Debug|Any CPU
		{46D3E45C-D4C8-4BC5-BA0D-9BD5E0FBA3AB}.Debug|Any CPU.Build.0 = Debug|Any CPU
		{46D3E45C-D4C8-4BC5-BA0D-9BD5E0FBA3AB}.Release|Any CPU.ActiveCfg = Release|Any CPU
		{46D3E45C-D4C8-4BC5-BA0D-9BD5E0FBA3AB}.Release|Any CPU.Build.0 = Release|Any CPU
	EndGlobalSection
	GlobalSection(SolutionProperties) = preSolution
		HideSolutionNode = FALSE
	EndGlobalSection
	GlobalSection(ExtensibilityGlobals) = postSolution
		SolutionGuid = {6065C8DE-B3D4-498F-B2B4-7FFF28E94B35}
	EndGlobalSection
EndGlobal
